
Microsoft Visual Studio Solution File, Format Version 11.00
# Visual Studio 2010
Project("{002A2DE9-8BB6-484D-9802-7E4AD4084715}") = "MMLPlayer", "MMLPlayer.visualdproj", "{14C592D3-A61A-46C2-A021-0FFF30EEC912}"
EndProject
Global
	GlobalSection(SolutionConfigurationPlatforms) = preSolution
		Debug|Win32 = Debug|Win32
		Release|Win32 = Release|Win32
	EndGlobalSection
	GlobalSection(ProjectConfigurationPlatforms) = postSolution
		{14C592D3-A61A-46C2-A021-0FFF30EEC912}.Debug|Win32.ActiveCfg = Debug|Win32
		{14C592D3-A61A-46C2-A021-0FFF30EEC912}.Debug|Win32.Build.0 = Debug|Win32
		{14C592D3-A61A-46C2-A021-0FFF30EEC912}.Release|Win32.ActiveCfg = Release|Win32
		{14C592D3-A61A-46C2-A021-0FFF30EEC912}.Release|Win32.Build.0 = Release|Win32
	EndGlobalSection
	GlobalSection(SolutionProperties) = preSolution
		HideSolutionNode = FALSE
	EndGlobalSection
EndGlobal
